
Microsoft Visual Studio Solution File, Format Version 12.00
# Visual Studio Version 16
VisualStudioVersion = 16.0.29519.181
MinimumVisualStudioVersion = 10.0.40219.1
Project("{FAE04EC0-301F-11D3-BF4B-00C04F79EFBC}") = "MyFlightbook.Web", "MyFlightbook.Web\MyFlightbook.Web.csproj", "{E240EA8E-1D58-46DD-B21B-C6C06AAA109F}"
EndProject
Project("{FAE04EC0-301F-11D3-BF4B-00C04F79EFBC}") = "MyFlightbook.Core", "MyFlightbook.Core\MyFlightbook.Core.csproj", "{B346B816-7773-459A-A018-F37295066D7F}"
EndProject
Global
	GlobalSection(SolutionConfigurationPlatforms) = preSolution
		Debug|Any CPU = Debug|Any CPU
		Release|Any CPU = Release|Any CPU
	EndGlobalSection
	GlobalSection(ProjectConfigurationPlatforms) = postSolution
		{E240EA8E-1D58-46DD-B21B-C6C06AAA109F}.Debug|Any CPU.ActiveCfg = Debug|Any CPU
		{E240EA8E-1D58-46DD-B21B-C6C06AAA109F}.Debug|Any CPU.Build.0 = Debug|Any CPU
		{E240EA8E-1D58-46DD-B21B-C6C06AAA109F}.Release|Any CPU.ActiveCfg = Release|Any CPU
		{E240EA8E-1D58-46DD-B21B-C6C06AAA109F}.Release|Any CPU.Build.0 = Release|Any CPU
		{B346B816-7773-459A-A018-F37295066D7F}.Debug|Any CPU.ActiveCfg = Debug|Any CPU
		{B346B816-7773-459A-A018-F37295066D7F}.Debug|Any CPU.Build.0 = Debug|Any CPU
		{B346B816-7773-459A-A018-F37295066D7F}.Release|Any CPU.ActiveCfg = Release|Any CPU
		{B346B816-7773-459A-A018-F37295066D7F}.Release|Any CPU.Build.0 = Release|Any CPU
	EndGlobalSection
	GlobalSection(SolutionProperties) = preSolution
		HideSolutionNode = FALSE
	EndGlobalSection
	GlobalSection(ExtensibilityGlobals) = postSolution
		SolutionGuid = {3F630D9A-B279-49B9-8CBC-87A20733800B}
	EndGlobalSection
EndGlobal
